Microsoft Visual Studio Solution File, Format Version 12.00
# Visual Studio Version 17
VisualStudioVersion = 17.5.2.0
MinimumVisualStudioVersion = 10.0.40219.1
Project("{FAE04EC0-301F-11D3-BF4B-00C04F79EFBC}") = "EwsBengawanSolo", "EwsBengawanSolo.csproj", "{9A35D925-B0C5-341A-C82C-29893503BB37}"
EndProject
Global
	GlobalSection(SolutionConfigurationPlatforms) = preSolution
		Debug|Any CPU = Debug|Any CPU
		Release|Any CPU = Release|Any CPU
	EndGlobalSection
	GlobalSection(ProjectConfigurationPlatforms) = postSolution
		{9A35D925-B0C5-341A-C82C-29893503BB37}.Debug|Any CPU.ActiveCfg = Debug|Any CPU
		{9A35D925-B0C5-341A-C82C-29893503BB37}.Debug|Any CPU.Build.0 = Debug|Any CPU
		{9A35D925-B0C5-341A-C82C-29893503BB37}.Release|Any CPU.ActiveCfg = Release|Any CPU
		{9A35D925-B0C5-341A-C82C-29893503BB37}.Release|Any CPU.Build.0 = Release|Any CPU
	EndGlobalSection
	GlobalSection(SolutionProperties) = preSolution
		HideSolutionNode = FALSE
	EndGlobalSection
	GlobalSection(ExtensibilityGlobals) = postSolution
		SolutionGuid = {D15294A6-E032-442C-862D-88E226B65398}
	EndGlobalSection
EndGlobal
